
Microsoft Visual Studio Solution File, Format Version 12.00
# Visual Studio Version 17
VisualStudioVersion = 17.1.31903.286
MinimumVisualStudioVersion = 10.0.40219.1
Project("{2150E333-8FDC-42A3-9474-1A3956D46DE8}") = "src", "src", "{7541C6C3-AA27-48B0-A540-3A4EEB04653C}"
EndProject
Project("{2150E333-8FDC-42A3-9474-1A3956D46DE8}") = "collect", "collect", "{9E85C92A-28A5-48BF-9B8B-1364FD3327E2}"
EndProject
Project("{FAE04EC0-301F-11D3-BF4B-00C04F79EFBC}") = "Gm.Collect.Modbus", "Gm.Collect.Modbus\Gm.Collect.Modbus.csproj", "{5BF57CD0-AE3E-4600-8767-6FA8C314F8B9}"
EndProject
Project("{FAE04EC0-301F-11D3-BF4B-00C04F79EFBC}") = "Gm.Collect.BACnet", "Gm.Collect.BACnet\Gm.Collect.BACnet.csproj", "{0A6148CE-7BEE-41AD-8271-F7A2F6A1327B}"
EndProject
Project("{FAE04EC0-301F-11D3-BF4B-00C04F79EFBC}") = "Gm.Collect.LoRa", "Gm.Collect.LoRa\Gm.Collect.LoRa.csproj", "{4160F730-3959-4C1C-9916-E8EB44C6FB7E}"
EndProject
Project("{9A19103F-16F7-4668-BE54-9A1E7A4F7556}") = "Gm.Collect.OPC", "Gm.Collect.OPC\Gm.Collect.OPC.csproj", "{813F441D-BD20-49D5-8756-B69843E3341B}"
EndProject
Project("{FAE04EC0-301F-11D3-BF4B-00C04F79EFBC}") = "Gm.Collect.Ping", "Gm.Collect.Ping\Gm.Collect.Ping.csproj", "{41A8F48D-2A5A-4FCD-8576-DF10150F0BC3}"
EndProject
Project("{FAE04EC0-301F-11D3-BF4B-00C04F79EFBC}") = "Gm.Collect.Port", "Gm.Collect.Port\Gm.Collect.Port.csproj", "{34F52D7B-97FD-4AA9-B4DA-8814E37DB778}"
EndProject
Project("{FAE04EC0-301F-11D3-BF4B-00C04F79EFBC}") = "Gm.Collect.Udp", "Gm.Collect.Udp\Gm.Collect.Udp.csproj", "{458AC0DB-4AF5-4242-99B2-8C54D70FB5E3}"
EndProject
Project("{2150E333-8FDC-42A3-9474-1A3956D46DE8}") = "test", "test", "{7D7FF52E-A721-471A-8D48-1806061D5762}"
EndProject
Project("{FAE04EC0-301F-11D3-BF4B-00C04F79EFBC}") = "Gm.Collect.Lora.Tests", "Gm.Collect.Lora.Tests\Gm.Collect.Lora.Tests.csproj", "{393926B3-EA40-47BC-B4E3-FEC51D9F1381}"
EndProject
Global
	GlobalSection(SolutionConfigurationPlatforms) = preSolution
		Debug|Any CPU = Debug|Any CPU
		Release|Any CPU = Release|Any CPU
	EndGlobalSection
	GlobalSection(ProjectConfigurationPlatforms) = postSolution
		{5BF57CD0-AE3E-4600-8767-6FA8C314F8B9}.Debug|Any CPU.ActiveCfg = Debug|Any CPU
		{5BF57CD0-AE3E-4600-8767-6FA8C314F8B9}.Debug|Any CPU.Build.0 = Debug|Any CPU
		{5BF57CD0-AE3E-4600-8767-6FA8C314F8B9}.Release|Any CPU.ActiveCfg = Release|Any CPU
		{5BF57CD0-AE3E-4600-8767-6FA8C314F8B9}.Release|Any CPU.Build.0 = Release|Any CPU
		{0A6148CE-7BEE-41AD-8271-F7A2F6A1327B}.Debug|Any CPU.ActiveCfg = Debug|Any CPU
		{0A6148CE-7BEE-41AD-8271-F7A2F6A1327B}.Debug|Any CPU.Build.0 = Debug|Any CPU
		{0A6148CE-7BEE-41AD-8271-F7A2F6A1327B}.Release|Any CPU.ActiveCfg = Release|Any CPU
		{0A6148CE-7BEE-41AD-8271-F7A2F6A1327B}.Release|Any CPU.Build.0 = Release|Any CPU
		{4160F730-3959-4C1C-9916-E8EB44C6FB7E}.Debug|Any CPU.ActiveCfg = Debug|Any CPU
		{4160F730-3959-4C1C-9916-E8EB44C6FB7E}.Debug|Any CPU.Build.0 = Debug|Any CPU
		{4160F730-3959-4C1C-9916-E8EB44C6FB7E}.Release|Any CPU.ActiveCfg = Release|Any CPU
		{4160F730-3959-4C1C-9916-E8EB44C6FB7E}.Release|Any CPU.Build.0 = Release|Any CPU
		{813F441D-BD20-49D5-8756-B69843E3341B}.Debug|Any CPU.ActiveCfg = Debug|Any CPU
		{813F441D-BD20-49D5-8756-B69843E3341B}.Debug|Any CPU.Build.0 = Debug|Any CPU
		{813F441D-BD20-49D5-8756-B69843E3341B}.Release|Any CPU.ActiveCfg = Release|Any CPU
		{813F441D-BD20-49D5-8756-B69843E3341B}.Release|Any CPU.Build.0 = Release|Any CPU
		{41A8F48D-2A5A-4FCD-8576-DF10150F0BC3}.Debug|Any CPU.ActiveCfg = Debug|Any CPU
		{41A8F48D-2A5A-4FCD-8576-DF10150F0BC3}.Debug|Any CPU.Build.0 = Debug|Any CPU
		{41A8F48D-2A5A-4FCD-8576-DF10150F0BC3}.Release|Any CPU.ActiveCfg = Release|Any CPU
		{41A8F48D-2A5A-4FCD-8576-DF10150F0BC3}.Release|Any CPU.Build.0 = Release|Any CPU
		{34F52D7B-97FD-4AA9-B4DA-8814E37DB778}.Debug|Any CPU.ActiveCfg = Debug|Any CPU
		{34F52D7B-97FD-4AA9-B4DA-8814E37DB778}.Debug|Any CPU.Build.0 = Debug|Any CPU
		{34F52D7B-97FD-4AA9-B4DA-8814E37DB778}.Release|Any CPU.ActiveCfg = Release|Any CPU
		{34F52D7B-97FD-4AA9-B4DA-8814E37DB778}.Release|Any CPU.Build.0 = Release|Any CPU
		{458AC0DB-4AF5-4242-99B2-8C54D70FB5E3}.Debug|Any CPU.ActiveCfg = Debug|Any CPU
		{458AC0DB-4AF5-4242-99B2-8C54D70FB5E3}.Debug|Any CPU.Build.0 = Debug|Any CPU
		{458AC0DB-4AF5-4242-99B2-8C54D70FB5E3}.Release|Any CPU.ActiveCfg = Release|Any CPU
		{458AC0DB-4AF5-4242-99B2-8C54D70FB5E3}.Release|Any CPU.Build.0 = Release|Any CPU
		{393926B3-EA40-47BC-B4E3-FEC51D9F1381}.Debug|Any CPU.ActiveCfg = Debug|Any CPU
		{393926B3-EA40-47BC-B4E3-FEC51D9F1381}.Debug|Any CPU.Build.0 = Debug|Any CPU
		{393926B3-EA40-47BC-B4E3-FEC51D9F1381}.Release|Any CPU.ActiveCfg = Release|Any CPU
		{393926B3-EA40-47BC-B4E3-FEC51D9F1381}.Release|Any CPU.Build.0 = Release|Any CPU
	EndGlobalSection
	GlobalSection(SolutionProperties) = preSolution
		HideSolutionNode = FALSE
	EndGlobalSection
	GlobalSection(NestedProjects) = preSolution
		{9E85C92A-28A5-48BF-9B8B-1364FD3327E2} = {7541C6C3-AA27-48B0-A540-3A4EEB04653C}
		{5BF57CD0-AE3E-4600-8767-6FA8C314F8B9} = {9E85C92A-28A5-48BF-9B8B-1364FD3327E2}
		{0A6148CE-7BEE-41AD-8271-F7A2F6A1327B} = {9E85C92A-28A5-48BF-9B8B-1364FD3327E2}
		{4160F730-3959-4C1C-9916-E8EB44C6FB7E} = {9E85C92A-28A5-48BF-9B8B-1364FD3327E2}
		{813F441D-BD20-49D5-8756-B69843E3341B} = {9E85C92A-28A5-48BF-9B8B-1364FD3327E2}
		{41A8F48D-2A5A-4FCD-8576-DF10150F0BC3} = {9E85C92A-28A5-48BF-9B8B-1364FD3327E2}
		{34F52D7B-97FD-4AA9-B4DA-8814E37DB778} = {9E85C92A-28A5-48BF-9B8B-1364FD3327E2}
		{458AC0DB-4AF5-4242-99B2-8C54D70FB5E3} = {9E85C92A-28A5-48BF-9B8B-1364FD3327E2}
		{393926B3-EA40-47BC-B4E3-FEC51D9F1381} = {7D7FF52E-A721-471A-8D48-1806061D5762}
	EndGlobalSection
	GlobalSection(ExtensibilityGlobals) = postSolution
		SolutionGuid = {2B05DE5F-F1EE-4248-BB50-176591B798E7}
	EndGlobalSection
EndGlobal
