
Microsoft Visual Studio Solution File, Format Version 12.00
# Visual Studio Version 17
VisualStudioVersion = 17.1.31903.286
MinimumVisualStudioVersion = 10.0.40219.1
Project("{FAE04EC0-301F-11D3-BF4B-00C04F79EFBC}") = "Gm.IoT.Core", "Gm.IoT.Core\Gm.IoT.Core.csproj", "{23314A1B-CF3C-4A59-9744-1A6546D6C59D}"
EndProject
Global
	GlobalSection(SolutionConfigurationPlatforms) = preSolution
		Debug|Any CPU = Debug|Any CPU
		Release|Any CPU = Release|Any CPU
	EndGlobalSection
	GlobalSection(ProjectConfigurationPlatforms) = postSolution
		{23314A1B-CF3C-4A59-9744-1A6546D6C59D}.Debug|Any CPU.ActiveCfg = Debug|Any CPU
		{23314A1B-CF3C-4A59-9744-1A6546D6C59D}.Debug|Any CPU.Build.0 = Debug|Any CPU
		{23314A1B-CF3C-4A59-9744-1A6546D6C59D}.Release|Any CPU.ActiveCfg = Release|Any CPU
		{23314A1B-CF3C-4A59-9744-1A6546D6C59D}.Release|Any CPU.Build.0 = Release|Any CPU
	EndGlobalSection
	GlobalSection(SolutionProperties) = preSolution
		HideSolutionNode = FALSE
	EndGlobalSection
	GlobalSection(ExtensibilityGlobals) = postSolution
		SolutionGuid = {CE699DE4-73AF-4631-963C-72682CB1D7BC}
	EndGlobalSection
EndGlobal
