
Microsoft Visual Studio Solution File, Format Version 12.00
# Visual Studio Version 17
VisualStudioVersion = 17.1.31903.286
MinimumVisualStudioVersion = 10.0.40219.1
Project("{9A19103F-16F7-4668-BE54-9A1E7A4F7556}") = "gm.core", "src\gm.core\gm.core.csproj", "{11B61922-ECFF-4186-879D-00DDE5C90206}"
EndProject
Project("{9A19103F-16F7-4668-BE54-9A1E7A4F7556}") = "gm.domain", "src\gm.domain\gm.domain.csproj", "{32BC5F63-D354-4709-BFCF-068B95E6757A}"
EndProject
Project("{2150E333-8FDC-42A3-9474-1A3956D46DE8}") = "src", "src", "{FEA1E497-726E-4B14-A147-C469AAB665E9}"
EndProject
Project("{2150E333-8FDC-42A3-9474-1A3956D46DE8}") = "test", "test", "{196925A8-5946-49A3-A108-BEE70F4C773D}"
EndProject
Project("{9A19103F-16F7-4668-BE54-9A1E7A4F7556}") = "gm.app.contracts", "src\gm.app.contracts\gm.app.contracts.csproj", "{324112A4-1D1C-4D77-8931-786B72299762}"
EndProject
Project("{9A19103F-16F7-4668-BE54-9A1E7A4F7556}") = "gm.app", "src\gm.app\gm.app.csproj", "{FF9C6387-E449-4B31-AC64-6610E13E70E4}"
EndProject
Project("{9A19103F-16F7-4668-BE54-9A1E7A4F7556}") = "gm.efcore", "src\gm.efcore\gm.efcore.csproj", "{AC8DB348-F749-4CFB-8D06-0B066BA6519C}"
EndProject
Project("{FAE04EC0-301F-11D3-BF4B-00C04F79EFBC}") = "gm.efcore.tests", "test\gm.efcore.tests\gm.efcore.tests.csproj", "{C7BDA4D1-817B-4D56-A693-5E7F911927E9}"
EndProject
Project("{9A19103F-16F7-4668-BE54-9A1E7A4F7556}") = "gm.core.test", "test\gm.core.test\gm.core.test.csproj", "{8F5F3BF6-C441-4602-A649-68D8C446D38D}"
EndProject
Project("{9A19103F-16F7-4668-BE54-9A1E7A4F7556}") = "gm.domain.test", "test\gm.domain.test\gm.domain.test.csproj", "{11DF7E8D-241D-45AD-A081-EEC2057C423E}"
EndProject
Project("{9A19103F-16F7-4668-BE54-9A1E7A4F7556}") = "gm.app.test", "test\gm.app.test\gm.app.test.csproj", "{0565AF1B-E721-4202-B2D2-274653E07BB3}"
EndProject
Project("{FAE04EC0-301F-11D3-BF4B-00C04F79EFBC}") = "gm.console.test", "test\gm.console.test\gm.console.test.csproj", "{CB398A05-0C19-4BAF-A801-557A7A6083B0}"
EndProject
Global
	GlobalSection(SolutionConfigurationPlatforms) = preSolution
		Debug|Any CPU = Debug|Any CPU
		Release|Any CPU = Release|Any CPU
	EndGlobalSection
	GlobalSection(ProjectConfigurationPlatforms) = postSolution
		{11B61922-ECFF-4186-879D-00DDE5C90206}.Debug|Any CPU.ActiveCfg = Debug|Any CPU
		{11B61922-ECFF-4186-879D-00DDE5C90206}.Debug|Any CPU.Build.0 = Debug|Any CPU
		{11B61922-ECFF-4186-879D-00DDE5C90206}.Release|Any CPU.ActiveCfg = Release|Any CPU
		{11B61922-ECFF-4186-879D-00DDE5C90206}.Release|Any CPU.Build.0 = Release|Any CPU
		{32BC5F63-D354-4709-BFCF-068B95E6757A}.Debug|Any CPU.ActiveCfg = Debug|Any CPU
		{32BC5F63-D354-4709-BFCF-068B95E6757A}.Debug|Any CPU.Build.0 = Debug|Any CPU
		{32BC5F63-D354-4709-BFCF-068B95E6757A}.Release|Any CPU.ActiveCfg = Release|Any CPU
		{32BC5F63-D354-4709-BFCF-068B95E6757A}.Release|Any CPU.Build.0 = Release|Any CPU
		{324112A4-1D1C-4D77-8931-786B72299762}.Debug|Any CPU.ActiveCfg = Debug|Any CPU
		{324112A4-1D1C-4D77-8931-786B72299762}.Debug|Any CPU.Build.0 = Debug|Any CPU
		{324112A4-1D1C-4D77-8931-786B72299762}.Release|Any CPU.ActiveCfg = Release|Any CPU
		{324112A4-1D1C-4D77-8931-786B72299762}.Release|Any CPU.Build.0 = Release|Any CPU
		{FF9C6387-E449-4B31-AC64-6610E13E70E4}.Debug|Any CPU.ActiveCfg = Debug|Any CPU
		{FF9C6387-E449-4B31-AC64-6610E13E70E4}.Debug|Any CPU.Build.0 = Debug|Any CPU
		{FF9C6387-E449-4B31-AC64-6610E13E70E4}.Release|Any CPU.ActiveCfg = Release|Any CPU
		{FF9C6387-E449-4B31-AC64-6610E13E70E4}.Release|Any CPU.Build.0 = Release|Any CPU
		{AC8DB348-F749-4CFB-8D06-0B066BA6519C}.Debug|Any CPU.ActiveCfg = Debug|Any CPU
		{AC8DB348-F749-4CFB-8D06-0B066BA6519C}.Debug|Any CPU.Build.0 = Debug|Any CPU
		{AC8DB348-F749-4CFB-8D06-0B066BA6519C}.Release|Any CPU.ActiveCfg = Release|Any CPU
		{AC8DB348-F749-4CFB-8D06-0B066BA6519C}.Release|Any CPU.Build.0 = Release|Any CPU
		{C7BDA4D1-817B-4D56-A693-5E7F911927E9}.Debug|Any CPU.ActiveCfg = Debug|Any CPU
		{C7BDA4D1-817B-4D56-A693-5E7F911927E9}.Debug|Any CPU.Build.0 = Debug|Any CPU
		{C7BDA4D1-817B-4D56-A693-5E7F911927E9}.Release|Any CPU.ActiveCfg = Release|Any CPU
		{C7BDA4D1-817B-4D56-A693-5E7F911927E9}.Release|Any CPU.Build.0 = Release|Any CPU
		{8F5F3BF6-C441-4602-A649-68D8C446D38D}.Debug|Any CPU.ActiveCfg = Debug|Any CPU
		{8F5F3BF6-C441-4602-A649-68D8C446D38D}.Debug|Any CPU.Build.0 = Debug|Any CPU
		{8F5F3BF6-C441-4602-A649-68D8C446D38D}.Release|Any CPU.ActiveCfg = Release|Any CPU
		{8F5F3BF6-C441-4602-A649-68D8C446D38D}.Release|Any CPU.Build.0 = Release|Any CPU
		{11DF7E8D-241D-45AD-A081-EEC2057C423E}.Debug|Any CPU.ActiveCfg = Debug|Any CPU
		{11DF7E8D-241D-45AD-A081-EEC2057C423E}.Debug|Any CPU.Build.0 = Debug|Any CPU
		{11DF7E8D-241D-45AD-A081-EEC2057C423E}.Release|Any CPU.ActiveCfg = Release|Any CPU
		{11DF7E8D-241D-45AD-A081-EEC2057C423E}.Release|Any CPU.Build.0 = Release|Any CPU
		{0565AF1B-E721-4202-B2D2-274653E07BB3}.Debug|Any CPU.ActiveCfg = Debug|Any CPU
		{0565AF1B-E721-4202-B2D2-274653E07BB3}.Debug|Any CPU.Build.0 = Debug|Any CPU
		{0565AF1B-E721-4202-B2D2-274653E07BB3}.Release|Any CPU.ActiveCfg = Release|Any CPU
		{0565AF1B-E721-4202-B2D2-274653E07BB3}.Release|Any CPU.Build.0 = Release|Any CPU
		{CB398A05-0C19-4BAF-A801-557A7A6083B0}.Debug|Any CPU.ActiveCfg = Debug|Any CPU
		{CB398A05-0C19-4BAF-A801-557A7A6083B0}.Debug|Any CPU.Build.0 = Debug|Any CPU
		{CB398A05-0C19-4BAF-A801-557A7A6083B0}.Release|Any CPU.ActiveCfg = Release|Any CPU
		{CB398A05-0C19-4BAF-A801-557A7A6083B0}.Release|Any CPU.Build.0 = Release|Any CPU
	EndGlobalSection
	GlobalSection(SolutionProperties) = preSolution
		HideSolutionNode = FALSE
	EndGlobalSection
	GlobalSection(NestedProjects) = preSolution
		{11B61922-ECFF-4186-879D-00DDE5C90206} = {FEA1E497-726E-4B14-A147-C469AAB665E9}
		{32BC5F63-D354-4709-BFCF-068B95E6757A} = {FEA1E497-726E-4B14-A147-C469AAB665E9}
		{324112A4-1D1C-4D77-8931-786B72299762} = {FEA1E497-726E-4B14-A147-C469AAB665E9}
		{FF9C6387-E449-4B31-AC64-6610E13E70E4} = {FEA1E497-726E-4B14-A147-C469AAB665E9}
		{AC8DB348-F749-4CFB-8D06-0B066BA6519C} = {FEA1E497-726E-4B14-A147-C469AAB665E9}
		{C7BDA4D1-817B-4D56-A693-5E7F911927E9} = {196925A8-5946-49A3-A108-BEE70F4C773D}
		{8F5F3BF6-C441-4602-A649-68D8C446D38D} = {196925A8-5946-49A3-A108-BEE70F4C773D}
		{11DF7E8D-241D-45AD-A081-EEC2057C423E} = {196925A8-5946-49A3-A108-BEE70F4C773D}
		{0565AF1B-E721-4202-B2D2-274653E07BB3} = {196925A8-5946-49A3-A108-BEE70F4C773D}
		{CB398A05-0C19-4BAF-A801-557A7A6083B0} = {196925A8-5946-49A3-A108-BEE70F4C773D}
	EndGlobalSection
	GlobalSection(ExtensibilityGlobals) = postSolution
		SolutionGuid = {C02A7C9D-6D2F-4197-BBF9-947905D17FB6}
	EndGlobalSection
EndGlobal
