
Microsoft Visual Studio Solution File, Format Version 12.00
# Visual Studio Version 17
VisualStudioVersion = 17.1.31903.286
MinimumVisualStudioVersion = 10.0.40219.1
Project("{9A19103F-16F7-4668-BE54-9A1E7A4F7556}") = "gm.core", "src\gm.core\gm.core.csproj", "{11B61922-ECFF-4186-879D-00DDE5C90206}"
EndProject
Project("{9A19103F-16F7-4668-BE54-9A1E7A4F7556}") = "gm.domain", "src\gm.domain\gm.domain.csproj", "{32BC5F63-D354-4709-BFCF-068B95E6757A}"
EndProject
Project("{FAE04EC0-301F-11D3-BF4B-00C04F79EFBC}") = "gm.application", "src\gm.application\gm.application.csproj", "{BD61403F-65E3-473D-A1A7-1F216EA41D74}"
EndProject
Global
	GlobalSection(SolutionConfigurationPlatforms) = preSolution
		Debug|Any CPU = Debug|Any CPU
		Release|Any CPU = Release|Any CPU
	EndGlobalSection
	GlobalSection(ProjectConfigurationPlatforms) = postSolution
		{11B61922-ECFF-4186-879D-00DDE5C90206}.Debug|Any CPU.ActiveCfg = Debug|Any CPU
		{11B61922-ECFF-4186-879D-00DDE5C90206}.Debug|Any CPU.Build.0 = Debug|Any CPU
		{11B61922-ECFF-4186-879D-00DDE5C90206}.Release|Any CPU.ActiveCfg = Release|Any CPU
		{11B61922-ECFF-4186-879D-00DDE5C90206}.Release|Any CPU.Build.0 = Release|Any CPU
		{32BC5F63-D354-4709-BFCF-068B95E6757A}.Debug|Any CPU.ActiveCfg = Debug|Any CPU
		{32BC5F63-D354-4709-BFCF-068B95E6757A}.Debug|Any CPU.Build.0 = Debug|Any CPU
		{32BC5F63-D354-4709-BFCF-068B95E6757A}.Release|Any CPU.ActiveCfg = Release|Any CPU
		{32BC5F63-D354-4709-BFCF-068B95E6757A}.Release|Any CPU.Build.0 = Release|Any CPU
		{BD61403F-65E3-473D-A1A7-1F216EA41D74}.Debug|Any CPU.ActiveCfg = Debug|Any CPU
		{BD61403F-65E3-473D-A1A7-1F216EA41D74}.Debug|Any CPU.Build.0 = Debug|Any CPU
		{BD61403F-65E3-473D-A1A7-1F216EA41D74}.Release|Any CPU.ActiveCfg = Release|Any CPU
		{BD61403F-65E3-473D-A1A7-1F216EA41D74}.Release|Any CPU.Build.0 = Release|Any CPU
	EndGlobalSection
	GlobalSection(SolutionProperties) = preSolution
		HideSolutionNode = FALSE
	EndGlobalSection
	GlobalSection(ExtensibilityGlobals) = postSolution
		SolutionGuid = {C02A7C9D-6D2F-4197-BBF9-947905D17FB6}
	EndGlobalSection
EndGlobal
