
Microsoft Visual Studio Solution File, Format Version 12.00
# Visual Studio Version 17
VisualStudioVersion = 17.1.31903.286
MinimumVisualStudioVersion = 10.0.40219.1
Project("{9A19103F-16F7-4668-BE54-9A1E7A4F7556}") = "gm.core", "src\gm.core\gm.core.csproj", "{11B61922-ECFF-4186-879D-00DDE5C90206}"
EndProject
Project("{9A19103F-16F7-4668-BE54-9A1E7A4F7556}") = "gm.domain", "src\gm.domain\gm.domain.csproj", "{32BC5F63-D354-4709-BFCF-068B95E6757A}"
EndProject
Project("{2150E333-8FDC-42A3-9474-1A3956D46DE8}") = "src", "src", "{FEA1E497-726E-4B14-A147-C469AAB665E9}"
EndProject
Project("{2150E333-8FDC-42A3-9474-1A3956D46DE8}") = "test", "test", "{196925A8-5946-49A3-A108-BEE70F4C773D}"
EndProject
Project("{9A19103F-16F7-4668-BE54-9A1E7A4F7556}") = "gm.core.test", "test\gm.core.test\gm.core.test.csproj", "{0C152749-61A9-46D2-B42D-FCB27502A3AE}"
EndProject
Project("{9A19103F-16F7-4668-BE54-9A1E7A4F7556}") = "gm.domain.test", "test\gm.domain.test\gm.domain.test.csproj", "{808C4D45-48AC-4D57-975C-905C8CDE2D4F}"
EndProject
Project("{9A19103F-16F7-4668-BE54-9A1E7A4F7556}") = "gm.efcore", "gm.efcore\gm.efcore.csproj", "{ECCDD3D3-29B8-4D97-BB4C-F2C21BAA7A5F}"
EndProject
Project("{9A19103F-16F7-4668-BE54-9A1E7A4F7556}") = "gm.app.contracts", "src\gm.app.contracts\gm.app.contracts.csproj", "{324112A4-1D1C-4D77-8931-786B72299762}"
EndProject
Project("{9A19103F-16F7-4668-BE54-9A1E7A4F7556}") = "gm.app", "src\gm.app\gm.app.csproj", "{FF9C6387-E449-4B31-AC64-6610E13E70E4}"
EndProject
Global
	GlobalSection(SolutionConfigurationPlatforms) = preSolution
		Debug|Any CPU = Debug|Any CPU
		Release|Any CPU = Release|Any CPU
	EndGlobalSection
	GlobalSection(ProjectConfigurationPlatforms) = postSolution
		{11B61922-ECFF-4186-879D-00DDE5C90206}.Debug|Any CPU.ActiveCfg = Debug|Any CPU
		{11B61922-ECFF-4186-879D-00DDE5C90206}.Debug|Any CPU.Build.0 = Debug|Any CPU
		{11B61922-ECFF-4186-879D-00DDE5C90206}.Release|Any CPU.ActiveCfg = Release|Any CPU
		{11B61922-ECFF-4186-879D-00DDE5C90206}.Release|Any CPU.Build.0 = Release|Any CPU
		{32BC5F63-D354-4709-BFCF-068B95E6757A}.Debug|Any CPU.ActiveCfg = Debug|Any CPU
		{32BC5F63-D354-4709-BFCF-068B95E6757A}.Debug|Any CPU.Build.0 = Debug|Any CPU
		{32BC5F63-D354-4709-BFCF-068B95E6757A}.Release|Any CPU.ActiveCfg = Release|Any CPU
		{32BC5F63-D354-4709-BFCF-068B95E6757A}.Release|Any CPU.Build.0 = Release|Any CPU
		{0C152749-61A9-46D2-B42D-FCB27502A3AE}.Debug|Any CPU.ActiveCfg = Debug|Any CPU
		{0C152749-61A9-46D2-B42D-FCB27502A3AE}.Debug|Any CPU.Build.0 = Debug|Any CPU
		{0C152749-61A9-46D2-B42D-FCB27502A3AE}.Release|Any CPU.ActiveCfg = Release|Any CPU
		{0C152749-61A9-46D2-B42D-FCB27502A3AE}.Release|Any CPU.Build.0 = Release|Any CPU
		{808C4D45-48AC-4D57-975C-905C8CDE2D4F}.Debug|Any CPU.ActiveCfg = Debug|Any CPU
		{808C4D45-48AC-4D57-975C-905C8CDE2D4F}.Debug|Any CPU.Build.0 = Debug|Any CPU
		{808C4D45-48AC-4D57-975C-905C8CDE2D4F}.Release|Any CPU.ActiveCfg = Release|Any CPU
		{808C4D45-48AC-4D57-975C-905C8CDE2D4F}.Release|Any CPU.Build.0 = Release|Any CPU
		{ECCDD3D3-29B8-4D97-BB4C-F2C21BAA7A5F}.Debug|Any CPU.ActiveCfg = Debug|Any CPU
		{ECCDD3D3-29B8-4D97-BB4C-F2C21BAA7A5F}.Debug|Any CPU.Build.0 = Debug|Any CPU
		{ECCDD3D3-29B8-4D97-BB4C-F2C21BAA7A5F}.Release|Any CPU.ActiveCfg = Release|Any CPU
		{ECCDD3D3-29B8-4D97-BB4C-F2C21BAA7A5F}.Release|Any CPU.Build.0 = Release|Any CPU
		{324112A4-1D1C-4D77-8931-786B72299762}.Debug|Any CPU.ActiveCfg = Debug|Any CPU
		{324112A4-1D1C-4D77-8931-786B72299762}.Debug|Any CPU.Build.0 = Debug|Any CPU
		{324112A4-1D1C-4D77-8931-786B72299762}.Release|Any CPU.ActiveCfg = Release|Any CPU
		{324112A4-1D1C-4D77-8931-786B72299762}.Release|Any CPU.Build.0 = Release|Any CPU
		{FF9C6387-E449-4B31-AC64-6610E13E70E4}.Debug|Any CPU.ActiveCfg = Debug|Any CPU
		{FF9C6387-E449-4B31-AC64-6610E13E70E4}.Debug|Any CPU.Build.0 = Debug|Any CPU
		{FF9C6387-E449-4B31-AC64-6610E13E70E4}.Release|Any CPU.ActiveCfg = Release|Any CPU
		{FF9C6387-E449-4B31-AC64-6610E13E70E4}.Release|Any CPU.Build.0 = Release|Any CPU
	EndGlobalSection
	GlobalSection(SolutionProperties) = preSolution
		HideSolutionNode = FALSE
	EndGlobalSection
	GlobalSection(NestedProjects) = preSolution
		{11B61922-ECFF-4186-879D-00DDE5C90206} = {FEA1E497-726E-4B14-A147-C469AAB665E9}
		{32BC5F63-D354-4709-BFCF-068B95E6757A} = {FEA1E497-726E-4B14-A147-C469AAB665E9}
		{0C152749-61A9-46D2-B42D-FCB27502A3AE} = {196925A8-5946-49A3-A108-BEE70F4C773D}
		{808C4D45-48AC-4D57-975C-905C8CDE2D4F} = {196925A8-5946-49A3-A108-BEE70F4C773D}
		{ECCDD3D3-29B8-4D97-BB4C-F2C21BAA7A5F} = {FEA1E497-726E-4B14-A147-C469AAB665E9}
		{324112A4-1D1C-4D77-8931-786B72299762} = {FEA1E497-726E-4B14-A147-C469AAB665E9}
		{FF9C6387-E449-4B31-AC64-6610E13E70E4} = {FEA1E497-726E-4B14-A147-C469AAB665E9}
	EndGlobalSection
	GlobalSection(ExtensibilityGlobals) = postSolution
		SolutionGuid = {C02A7C9D-6D2F-4197-BBF9-947905D17FB6}
	EndGlobalSection
EndGlobal
